{
  "name": "nexus-boilerplate",
  "version": "1.0.0",
  "lockfileVersion": 1,
  "requires": true,
  "dependencies": {
    "jquery-deferred": {
      "version": "0.3.1",
      "resolved": "https://registry.npmjs.org/jquery-deferred/-/jquery-deferred-0.3.1.tgz",
      "integrity": "sha1-WW7KHKr/VPYbEQlisjyv6nTDU1U="
    },
    "signalr-shimmy": {
      "version": "0.1.7",
      "resolved": "https://registry.npmjs.org/signalr-shimmy/-/signalr-shimmy-0.1.7.tgz",
      "integrity": "sha1-7YBULLEEnnXUM/Ti86Rb55AWFLc=",
      "requires": {
        "jquery-deferred": "0.3.1"
      }
    }
  }
}
